github.com/gabriel-vasile/mimetype v1.4.3 h1:in2uUcidCuFcDKtdcBxlR0rJ1+fsokWf+uqxgUFjbI0=
github.com/gabriel-vasile/mimetype v1.4.3/go.mod h1:d8uq/6HKRL6CGdk+aubisF/M5GcPfT7nKyLpA0lbSSk=
github.com/go-shiori/go-epub v1.2.1 h1:+K/WxrvmfFQY69cpryiObrT6X7WhkwpqhHY65AHs2Rg=
github.com/go-shiori/go-epub v1.2.1/go.mod h1:3rCTODnigEgy2j3ksndClrGT9h/dcz3js9q4yPX7hf8=
github.com/gofrs/uuid/v5 v5.0.0 h1:p544++a97kEL+svbcFbCQVM9KFu0Yo25UoISXGNNH9M=
github.com/gofrs/uuid/v5 v5.0.0/go.mod h1:CDOjlDMVAtN56jqyRUZh58JT31Tiw7/oQyEXZV+9bD8=
github.com/semanticart/squire v0.0.0-20240322201612-af05a8174a9d h1:KolIRWo06e4KoM66TS6v/wxGE30wH2As5fxR8i6s2ns=
github.com/semanticart/squire v0.0.0-20240322201612-af05a8174a9d/go.mod h1:/oIhCZBcKqITJBaRGkho5zwncANdOzqZuGDnJ+mPeDs=
github.com/semanticart/squire v0.0.0-20240322203555-8e7813b413ae h1:gxhl5x5BtP7x7MDziOygauBrE5rlGDFJ5ha9sjqm4RQ=
github.com/semanticart/squire v0.0.0-20240322203555-8e7813b413ae/go.mod h1:/oIhCZBcKqITJBaRGkho5zwncANdOzqZuGDnJ+mPeDs=
github.com/semanticart/squire v0.0.0-20240415142735-d737058f5c4a h1:LOH7AfBYjOOIlS+gZ4xlr0iAg+qeof/o+1i6kmsdOOc=
github.com/semanticart/squire v0.0.0-20240415142735-d737058f5c4a/go.mod h1:zdkdsp6KS3a7zLRpkjIKwwpaSlTdVPiUQrG92ppLd9A=
github.com/semanticart/squire v0.0.1 h1:MQ5iid/iX2cfNmUG43nuhmmVzlbj8WuxEHSRnX90ze4=
github.com/semanticart/squire v0.0.1/go.mod h1:zdkdsp6KS3a7zLRpkjIKwwpaSlTdVPiUQrG92ppLd9A=
github.com/vincent-petithory/dataurl v1.0.0 h1:cXw+kPto8NLuJtlMsI152irrVw9fRDX8AbShPRpg2CI=
github.com/vincent-petithory/dataurl v1.0.0/go.mod h1:FHafX5vmDzyP+1CQATJn7WFKc9CvnvxyvZy6I1MrG/U=
golang.org/x/net v0.19.0 h1:zTwKpTd2XuCqf8huc7Fo2iSy+4RHPd10s4KzeTnVr1c=
golang.org/x/net v0.19.0/go.mod h1:CfAk/cbD4CthTvqiEl8NpboMuiuOYsAr/7NOjZJtv1U=
