github.com/semanticart/squire v0.0.0-20240322201612-af05a8174a9d h1:KolIRWo06e4KoM66TS6v/wxGE30wH2As5fxR8i6s2ns=
github.com/semanticart/squire v0.0.0-20240322201612-af05a8174a9d/go.mod h1:/oIhCZBcKqITJBaRGkho5zwncANdOzqZuGDnJ+mPeDs=
github.com/semanticart/squire v0.0.0-20240322203555-8e7813b413ae h1:gxhl5x5BtP7x7MDziOygauBrE5rlGDFJ5ha9sjqm4RQ=
github.com/semanticart/squire v0.0.0-20240322203555-8e7813b413ae/go.mod h1:/oIhCZBcKqITJBaRGkho5zwncANdOzqZuGDnJ+mPeDs=
